
Microsoft Visual Studio Solution File, Format Version 12.00
# Visual Studio Version 17
VisualStudioVersion = 17.2.32616.157
MinimumVisualStudioVersion = 10.0.40219.1
Project("{FAE04EC0-301F-11D3-BF4B-00C04F79EFBC}") = "HotelAPI", "HotelAPI\HotelAPI.csproj", "{B8FC7DC6-DB6F-425F-83AC-2A60BADBF0C2}"
EndProject
Project("{FAE04EC0-301F-11D3-BF4B-00C04F79EFBC}") = "HotelAPI.DA", "HotelAPI.DA\HotelAPI.DA.csproj", "{8D05B9A2-013A-4BEE-B51D-6A259FE3C404}"
EndProject
Global
	GlobalSection(SolutionConfigurationPlatforms) = preSolution
		Debug|Any CPU = Debug|Any CPU
		Release|Any CPU = Release|Any CPU
	EndGlobalSection
	GlobalSection(ProjectConfigurationPlatforms) = postSolution
		{B8FC7DC6-DB6F-425F-83AC-2A60BADBF0C2}.Debug|Any CPU.ActiveCfg = Debug|Any CPU
		{B8FC7DC6-DB6F-425F-83AC-2A60BADBF0C2}.Debug|Any CPU.Build.0 = Debug|Any CPU
		{B8FC7DC6-DB6F-425F-83AC-2A60BADBF0C2}.Release|Any CPU.ActiveCfg = Release|Any CPU
		{B8FC7DC6-DB6F-425F-83AC-2A60BADBF0C2}.Release|Any CPU.Build.0 = Release|Any CPU
		{8D05B9A2-013A-4BEE-B51D-6A259FE3C404}.Debug|Any CPU.ActiveCfg = Debug|Any CPU
		{8D05B9A2-013A-4BEE-B51D-6A259FE3C404}.Debug|Any CPU.Build.0 = Debug|Any CPU
		{8D05B9A2-013A-4BEE-B51D-6A259FE3C404}.Release|Any CPU.ActiveCfg = Release|Any CPU
		{8D05B9A2-013A-4BEE-B51D-6A259FE3C404}.Release|Any CPU.Build.0 = Release|Any CPU
	EndGlobalSection
	GlobalSection(SolutionProperties) = preSolution
		HideSolutionNode = FALSE
	EndGlobalSection
	GlobalSection(ExtensibilityGlobals) = postSolution
		SolutionGuid = {CBDEE323-813F-4B31-8161-D01DAE5A2D93}
	EndGlobalSection
EndGlobal
